hash: dff57d31546f88ecca7138597d3e7cedab35722190d9de141ba9b6d16ef54507
updated: 2017-12-20T10:34:02.46149+08:00
imports:
- name: github.com/BurntSushi/toml
  version: b26d9c308763d68093482582cea63d69be07a0f0
- name: github.com/gin-contrib/sse
  version: 22d885f9ecc78bf4ee5d72b937e4bbcdc58e8cae
- name: github.com/gin-gonic/gin
  version: 46662e700bd20289503475770dbf0384e43398eb
  subpackages:
  - binding
  - json
  - render
- name: github.com/go-sql-driver/mysql
  version: 9181e3a86a19bacd63e68d43ae8b7b36320d8092
- name: github.com/golang/protobuf
  version: 1e59b77b52bf8e4b449a57e6f79f21226d571845
  subpackages:
  - proto
- name: github.com/json-iterator/go
  version: 7b060ec866c0d20af834ee3bb4bc5378bcfb3031
- name: github.com/mattn/go-isatty
  version: 6ca4dbf54d38eea1a992b3c722a76a5d1c4cb25c
- name: github.com/ugorji/go
  version: 0e0d6e869525973a9b36093f6ddc9d91b9fc2d71
  subpackages:
  - codec
- name: golang.org/x/sys
  version: 571f7bbbe08da2a8955aed9d4db316e78630e9a3
  subpackages:
  - unix
- name: google.golang.org/appengine
  version: 5bee14b453b4c71be47ec1781b0fa61c2ea182db
  subpackages:
  - cloudsql
- name: gopkg.in/go-playground/validator.v8
  version: 5f1438d3fca68893a817e4a66806cea46a9e4ebf
- name: gopkg.in/yaml.v2
  version: 287cf08546ab5e7e37d55a84f7ed3fd1db036de5
testImports: []
